schema: '2.0'
stages:
  prepare:
    cmd: python -m cats_dogs_mlops.prepare_data --raw-dir 
      data/raw/dog-and-cat-classification-dataset/PetImages --processed-dir 
      data/processed --image-size 224 --train-ratio 0.8 --val-ratio 0.1 --seed 
      42
    deps:
    - path: data/raw/dog-and-cat-classification-dataset/PetImages
      hash: md5
      md5: 3a5cf86541f22c236620ce5b952ad684.dir
      size: 848866410
      nfiles: 24998
    - path: src/cats_dogs_mlops/data.py
      hash: md5
      md5: 26e79b374f13bf5a05b381b4895c3a1a
      size: 8190
    - path: src/cats_dogs_mlops/prepare_data.py
      hash: md5
      md5: 4fc96f0981d21d8ce3fbf62f1e8680ef
      size: 1142
    params:
      params.yaml:
        data.image_size: 224
        data.processed_dir: data/processed
        data.raw_dir: data/raw/dog-and-cat-classification-dataset/PetImages
        data.seed: 42
        data.train_ratio: 0.8
        data.validation_ratio: 0.1
    outs:
    - path: data/processed
      hash: md5
      md5: b35f5bba1d7206081b52d35f4b3ed143.dir
      size: 428691342
      nfiles: 25000
  train:
    cmd: python -m cats_dogs_mlops.train --manifest data/processed/manifest.csv 
      --model-out models/model.pt --metrics-out reports/train_metrics.json 
      --figures-dir figures --architecture mobilenet_v3_small --pretrained true 
      --freeze-backbone false --epochs 15 --batch-size 32 --learning-rate 0.0001
      --weight-decay 0.0001 --image-size 224 --seed 42 --device auto --amp true 
      --patience 4 --scheduler-patience 2 --scheduler-factor 0.3 
      --label-smoothing 0.05 --gradient-clip 1.0
    deps:
    - path: data/processed
      hash: md5
      md5: b35f5bba1d7206081b52d35f4b3ed143.dir
      size: 428691342
      nfiles: 25000
    - path: src/cats_dogs_mlops/data.py
      hash: md5
      md5: 26e79b374f13bf5a05b381b4895c3a1a
      size: 8190
    - path: src/cats_dogs_mlops/model.py
      hash: md5
      md5: fad0668dc248eb17e8ed451a71b42206
      size: 3434
    - path: src/cats_dogs_mlops/train.py
      hash: md5
      md5: a55545a4f896ce6dd0d5c4bc313d016d
      size: 25318
    params:
      params.yaml:
        data.image_size: 224
        training.architecture: mobilenet_v3_small
        training.batch_size: 32
        training.epochs: 15
        training.freeze_backbone: false
        training.learning_rate: 0.0001
        training.pretrained: true
        training.seed: 42
        training.weight_decay: 0.0001
    outs:
    - path: figures/confusion_matrix.png
      hash: md5
      md5: 9ed1344a2e1a887f1061f391ad7b5fea
      size: 31976
    - path: figures/loss_curves.png
      hash: md5
      md5: 1486f8e714574241bb93b6133d03ca0d
      size: 80119
    - path: figures/precision_recall_curve.png
      hash: md5
      md5: 87054f63d917703ee9eecf6945b4d959
      size: 38332
    - path: figures/roc_curve.png
      hash: md5
      md5: 2728cbdd6b30d34498f122137e1148b9
      size: 48820
    - path: models/model.pt
      hash: md5
      md5: c703d789e26375b7dacf7ca8e105a675
      size: 6200099
    - path: reports/train_metrics.json
      hash: md5
      md5: 8883f0a10bb0d03aca216adb9dec835b
      size: 2817
  evaluate:
    cmd: python -m cats_dogs_mlops.evaluate --manifest 
      data/processed/manifest.csv --model models/model.pt --metrics-out 
      reports/test_metrics.json --batch-size 32
    deps:
    - path: data/processed/manifest.csv
      hash: md5
      md5: 02f763f4e43ab3b8782cedd5d0a33561
      size: 2790390
    - path: models/model.pt
      hash: md5
      md5: c703d789e26375b7dacf7ca8e105a675
      size: 6200099
    - path: src/cats_dogs_mlops/data.py
      hash: md5
      md5: 26e79b374f13bf5a05b381b4895c3a1a
      size: 8190
    - path: src/cats_dogs_mlops/evaluate.py
      hash: md5
      md5: b9a73a8a9f712c31e3bebc3639f65526
      size: 2268
    - path: src/cats_dogs_mlops/model.py
      hash: md5
      md5: fad0668dc248eb17e8ed451a71b42206
      size: 3434
    params:
      params.yaml:
        data.processed_dir: data/processed
        training.batch_size: 32
    outs:
    - path: reports/test_metrics.json
      hash: md5
      md5: 0d1ba9eed50c970d500d081e17755ebe
      size: 1023
